
Microsoft Visual Studio Solution File, Format Version 12.00
Project("{2150E333-8FDC-42A3-9474-1A3956D46DE8}") = "front", "front", "{7F8A10EE-B7A0-458F-ADEF-2E50CED5C542}"
EndProject
Project("{2150E333-8FDC-42A3-9474-1A3956D46DE8}") = "Solution Items", "Solution Items", "{99ECAFC0-6C3F-4F56-A5D3-A25333C75A0C}"
	ProjectSection(SolutionItems) = preProject
		migration.sql = migration.sql
		.gitignore = .gitignore
		run_stryker.bat = run_stryker.bat
		.github\workflows\dotnet.yml = .github\workflows\dotnet.yml
	EndProjectSection
EndProject
Project("{2150E333-8FDC-42A3-9474-1A3956D46DE8}") = "src", "src", "{1BE8684F-3863-4F4C-AE55-36AD47623CF9}"
EndProject
Project("{2150E333-8FDC-42A3-9474-1A3956D46DE8}") = "tests", "tests", "{E66E7CEB-8F69-4863-BF32-39B5EA2554E8}"
EndProject
Project("{2150E333-8FDC-42A3-9474-1A3956D46DE8}") = "acceptance", "acceptance", "{EAA4F101-A62A-47CE-AFA0-3020AA4DAAB2}"
EndProject
Project("{FAE04EC0-301F-11D3-BF4B-00C04F79EFBC}") = "LRSchoolV2.Domain", "src\LRSchoolV2.Domain\LRSchoolV2.Domain.csproj", "{BD776125-161A-4760-ABB7-42860B0CA083}"
EndProject
Project("{FAE04EC0-301F-11D3-BF4B-00C04F79EFBC}") = "LRSchoolV2.Application", "src\LRSchoolV2.Application\LRSchoolV2.Application.csproj", "{D73C4EC1-9296-4C18-AB8C-E6DCCA83403C}"
EndProject
Project("{FAE04EC0-301F-11D3-BF4B-00C04F79EFBC}") = "LRSchoolV2.Infrastructure", "src\LRSchoolV2.Infrastructure\LRSchoolV2.Infrastructure.csproj", "{AC5E68FE-1D76-417B-AE11-CC6A3A53EEB1}"
EndProject
Project("{FAE04EC0-301F-11D3-BF4B-00C04F79EFBC}") = "LRSchoolV2.Application.Tests", "tests\LRSchoolV2.Application.Tests\LRSchoolV2.Application.Tests.csproj", "{8C4D5C3B-4DA4-4034-983C-211F983ABFE3}"
EndProject
Project("{FAE04EC0-301F-11D3-BF4B-00C04F79EFBC}") = "LRSchoolV2.Infrastructure.Tests", "tests\LRSchoolV2.Infrastructure.Tests\LRSchoolV2.Infrastructure.Tests.csproj", "{E476F11E-47C3-4761-B75E-0E83791D492E}"
EndProject
Project("{FAE04EC0-301F-11D3-BF4B-00C04F79EFBC}") = "LRSchoolV2.Acceptance", "acceptance\LRSchoolV2.Acceptance\LRSchoolV2.Acceptance.csproj", "{43146D22-510B-485D-A691-D97A77DC9A5A}"
EndProject
Project("{FAE04EC0-301F-11D3-BF4B-00C04F79EFBC}") = "LRSchoolV2.Authentication", "front\LRSchoolV2.Authentication\LRSchoolV2.Authentication.csproj", "{A69665FB-0866-49A2-AFB2-4180BD3FD71F}"
EndProject
Project("{FAE04EC0-301F-11D3-BF4B-00C04F79EFBC}") = "LRSchoolV2.Email", "src\LRSchoolV2.Email\LRSchoolV2.Email.csproj", "{770BE288-2386-43CC-85DA-90133ABAD36D}"
EndProject
Project("{FAE04EC0-301F-11D3-BF4B-00C04F79EFBC}") = "LRSchoolV2.Reporting", "front\LRSchoolV2.Reporting\LRSchoolV2.Reporting.csproj", "{A99C224D-8ECB-4422-A311-04F3B1246214}"
EndProject
Project("{FAE04EC0-301F-11D3-BF4B-00C04F79EFBC}") = "LRSchoolV2.Blazor", "front\LRSchoolV2.Blazor\LRSchoolV2.Blazor.csproj", "{A91FC4EC-1C53-4292-9FD8-5590FF606705}"
EndProject
Project("{FAE04EC0-301F-11D3-BF4B-00C04F79EFBC}") = "LRSchoolV2.Tests.Core", "tests\LRSchoolV2.Tests.Core\LRSchoolV2.Tests.Core.csproj", "{B5A5F530-D9B8-43AA-BE60-D190C9FFB630}"
EndProject
Global
	GlobalSection(SolutionConfigurationPlatforms) = preSolution
		Debug|Any CPU = Debug|Any CPU
		Release|Any CPU = Release|Any CPU
	EndGlobalSection
	GlobalSection(NestedProjects) = preSolution
		{BD776125-161A-4760-ABB7-42860B0CA083} = {1BE8684F-3863-4F4C-AE55-36AD47623CF9}
		{D73C4EC1-9296-4C18-AB8C-E6DCCA83403C} = {1BE8684F-3863-4F4C-AE55-36AD47623CF9}
		{AC5E68FE-1D76-417B-AE11-CC6A3A53EEB1} = {1BE8684F-3863-4F4C-AE55-36AD47623CF9}
		{8C4D5C3B-4DA4-4034-983C-211F983ABFE3} = {E66E7CEB-8F69-4863-BF32-39B5EA2554E8}
		{E476F11E-47C3-4761-B75E-0E83791D492E} = {E66E7CEB-8F69-4863-BF32-39B5EA2554E8}
		{43146D22-510B-485D-A691-D97A77DC9A5A} = {EAA4F101-A62A-47CE-AFA0-3020AA4DAAB2}
		{A69665FB-0866-49A2-AFB2-4180BD3FD71F} = {7F8A10EE-B7A0-458F-ADEF-2E50CED5C542}
		{770BE288-2386-43CC-85DA-90133ABAD36D} = {1BE8684F-3863-4F4C-AE55-36AD47623CF9}
		{A99C224D-8ECB-4422-A311-04F3B1246214} = {7F8A10EE-B7A0-458F-ADEF-2E50CED5C542}
		{A91FC4EC-1C53-4292-9FD8-5590FF606705} = {7F8A10EE-B7A0-458F-ADEF-2E50CED5C542}
		{B5A5F530-D9B8-43AA-BE60-D190C9FFB630} = {E66E7CEB-8F69-4863-BF32-39B5EA2554E8}
	EndGlobalSection
	GlobalSection(ProjectConfigurationPlatforms) = postSolution
		{BD776125-161A-4760-ABB7-42860B0CA083}.Debug|Any CPU.ActiveCfg = Debug|Any CPU
		{BD776125-161A-4760-ABB7-42860B0CA083}.Debug|Any CPU.Build.0 = Debug|Any CPU
		{BD776125-161A-4760-ABB7-42860B0CA083}.Release|Any CPU.ActiveCfg = Release|Any CPU
		{BD776125-161A-4760-ABB7-42860B0CA083}.Release|Any CPU.Build.0 = Release|Any CPU
		{D73C4EC1-9296-4C18-AB8C-E6DCCA83403C}.Debug|Any CPU.ActiveCfg = Debug|Any CPU
		{D73C4EC1-9296-4C18-AB8C-E6DCCA83403C}.Debug|Any CPU.Build.0 = Debug|Any CPU
		{D73C4EC1-9296-4C18-AB8C-E6DCCA83403C}.Release|Any CPU.ActiveCfg = Release|Any CPU
		{D73C4EC1-9296-4C18-AB8C-E6DCCA83403C}.Release|Any CPU.Build.0 = Release|Any CPU
		{AC5E68FE-1D76-417B-AE11-CC6A3A53EEB1}.Debug|Any CPU.ActiveCfg = Debug|Any CPU
		{AC5E68FE-1D76-417B-AE11-CC6A3A53EEB1}.Debug|Any CPU.Build.0 = Debug|Any CPU
		{AC5E68FE-1D76-417B-AE11-CC6A3A53EEB1}.Release|Any CPU.ActiveCfg = Release|Any CPU
		{AC5E68FE-1D76-417B-AE11-CC6A3A53EEB1}.Release|Any CPU.Build.0 = Release|Any CPU
		{8C4D5C3B-4DA4-4034-983C-211F983ABFE3}.Debug|Any CPU.ActiveCfg = Debug|Any CPU
		{8C4D5C3B-4DA4-4034-983C-211F983ABFE3}.Debug|Any CPU.Build.0 = Debug|Any CPU
		{8C4D5C3B-4DA4-4034-983C-211F983ABFE3}.Release|Any CPU.ActiveCfg = Release|Any CPU
		{8C4D5C3B-4DA4-4034-983C-211F983ABFE3}.Release|Any CPU.Build.0 = Release|Any CPU
		{E476F11E-47C3-4761-B75E-0E83791D492E}.Debug|Any CPU.ActiveCfg = Debug|Any CPU
		{E476F11E-47C3-4761-B75E-0E83791D492E}.Debug|Any CPU.Build.0 = Debug|Any CPU
		{E476F11E-47C3-4761-B75E-0E83791D492E}.Release|Any CPU.ActiveCfg = Release|Any CPU
		{E476F11E-47C3-4761-B75E-0E83791D492E}.Release|Any CPU.Build.0 = Release|Any CPU
		{43146D22-510B-485D-A691-D97A77DC9A5A}.Debug|Any CPU.ActiveCfg = Debug|Any CPU
		{43146D22-510B-485D-A691-D97A77DC9A5A}.Debug|Any CPU.Build.0 = Debug|Any CPU
		{43146D22-510B-485D-A691-D97A77DC9A5A}.Release|Any CPU.ActiveCfg = Release|Any CPU
		{43146D22-510B-485D-A691-D97A77DC9A5A}.Release|Any CPU.Build.0 = Release|Any CPU
		{A69665FB-0866-49A2-AFB2-4180BD3FD71F}.Debug|Any CPU.ActiveCfg = Debug|Any CPU
		{A69665FB-0866-49A2-AFB2-4180BD3FD71F}.Debug|Any CPU.Build.0 = Debug|Any CPU
		{A69665FB-0866-49A2-AFB2-4180BD3FD71F}.Release|Any CPU.ActiveCfg = Release|Any CPU
		{A69665FB-0866-49A2-AFB2-4180BD3FD71F}.Release|Any CPU.Build.0 = Release|Any CPU
		{770BE288-2386-43CC-85DA-90133ABAD36D}.Debug|Any CPU.ActiveCfg = Debug|Any CPU
		{770BE288-2386-43CC-85DA-90133ABAD36D}.Debug|Any CPU.Build.0 = Debug|Any CPU
		{770BE288-2386-43CC-85DA-90133ABAD36D}.Release|Any CPU.ActiveCfg = Release|Any CPU
		{770BE288-2386-43CC-85DA-90133ABAD36D}.Release|Any CPU.Build.0 = Release|Any CPU
		{A99C224D-8ECB-4422-A311-04F3B1246214}.Debug|Any CPU.ActiveCfg = Debug|Any CPU
		{A99C224D-8ECB-4422-A311-04F3B1246214}.Debug|Any CPU.Build.0 = Debug|Any CPU
		{A99C224D-8ECB-4422-A311-04F3B1246214}.Release|Any CPU.ActiveCfg = Release|Any CPU
		{A99C224D-8ECB-4422-A311-04F3B1246214}.Release|Any CPU.Build.0 = Release|Any CPU
		{A91FC4EC-1C53-4292-9FD8-5590FF606705}.Debug|Any CPU.ActiveCfg = Debug|Any CPU
		{A91FC4EC-1C53-4292-9FD8-5590FF606705}.Debug|Any CPU.Build.0 = Debug|Any CPU
		{A91FC4EC-1C53-4292-9FD8-5590FF606705}.Release|Any CPU.ActiveCfg = Release|Any CPU
		{A91FC4EC-1C53-4292-9FD8-5590FF606705}.Release|Any CPU.Build.0 = Release|Any CPU
		{B5A5F530-D9B8-43AA-BE60-D190C9FFB630}.Debug|Any CPU.ActiveCfg = Debug|Any CPU
		{B5A5F530-D9B8-43AA-BE60-D190C9FFB630}.Debug|Any CPU.Build.0 = Debug|Any CPU
		{B5A5F530-D9B8-43AA-BE60-D190C9FFB630}.Release|Any CPU.ActiveCfg = Release|Any CPU
		{B5A5F530-D9B8-43AA-BE60-D190C9FFB630}.Release|Any CPU.Build.0 = Release|Any CPU
	EndGlobalSection
EndGlobal
